
Microsoft Visual Studio Solution File, Format Version 12.00
# Visual Studio Version 17
VisualStudioVersion = 17.1.32421.90
MinimumVisualStudioVersion = 10.0.40219.1
Project("{FAE04EC0-301F-11D3-BF4B-00C04F79EFBC}") = "ProjetoElevador", "ProjetoElevador\ProjetoElevador.csproj", "{70A659A1-829A-4172-AC5A-BE49E8C0CDC0}"
EndProject
Global
	GlobalSection(SolutionConfigurationPlatforms) = preSolution
		Debug|Any CPU = Debug|Any CPU
		Release|Any CPU = Release|Any CPU
	EndGlobalSection
	GlobalSection(ProjectConfigurationPlatforms) = postSolution
		{70A659A1-829A-4172-AC5A-BE49E8C0CDC0}.Debug|Any CPU.ActiveCfg = Debug|Any CPU
		{70A659A1-829A-4172-AC5A-BE49E8C0CDC0}.Debug|Any CPU.Build.0 = Debug|Any CPU
		{70A659A1-829A-4172-AC5A-BE49E8C0CDC0}.Release|Any CPU.ActiveCfg = Release|Any CPU
		{70A659A1-829A-4172-AC5A-BE49E8C0CDC0}.Release|Any CPU.Build.0 = Release|Any CPU
	EndGlobalSection
	GlobalSection(SolutionProperties) = preSolution
		HideSolutionNode = FALSE
	EndGlobalSection
	GlobalSection(ExtensibilityGlobals) = postSolution
		SolutionGuid = {F8796948-19B7-4D7B-8B42-8413FB5AA57C}
	EndGlobalSection
EndGlobal
